<?xml version="1.0" encoding="utf-8"?>
<Project ToolsVersion="4.0" xmlns="http://schemas.microsoft.com/developer/msbuild/2003">
  <ItemGroup>
    <Filter Include="Source Files">
      <UniqueIdentifier>{4FC737F1-C7A5-4376-A066-2A32D752A2FF}</UniqueIdentifier>
      <Extensions>cpp;c;cc;cxx;def;odl;idl;hpj;bat;asm;asmx</Extensions>
    </Filter>
    <Filter Include="Header Files">
      <UniqueIdentifier>{93995380-89BD-4b04-88EB-625FBE52EBFB}</UniqueIdentifier>
      <Extensions>h;hh;hpp;hxx;hm;inl;inc;xsd</Extensions>
    </Filter>
    <Filter Include="Resource Files">
      <UniqueIdentifier>{67DA6AB6-F800-4c08-8B7A-83BB121AAD01}</UniqueIdentifier>
      <Extensions>rc;ico;cur;bmp;dlg;rc2;rct;bin;rgs;gif;jpg;jpeg;jpe;resx;tiff;tif;png;wav;mfcribbon-ms</Extensions>
    </Filter>
    <Filter Include="Lua-5.3.0">
      <UniqueIdentifier>{c68909f7-d8ec-45bc-95ac-4c2cf08f887a}</UniqueIdentifier>
    </Filter>
    <Filter Include="Lua-5.3.0\doc">
      <UniqueIdentifier>{37c23d1b-bf50-4f49-a983-e7f74c784644}</UniqueIdentifier>
    </Filter>
    <Filter Include="Lua-5.3.0\src">
      <UniqueIdentifier>{32ffaee0-30bd-4e11-9ab1-f956732d18b1}</UniqueIdentifier>
    </Filter>
  </ItemGroup>
  <ItemGroup>
    <Text Include="ReadMe.txt" />
  </ItemGroup>
  <ItemGroup>
    <ClInclude Include="stdafx.h">
      <Filter>Header Files</Filter>
    </ClInclude>
    <ClInclude Include="targetver.h">
      <Filter>Header Files</Filter>
    </ClInclude>
    <ClInclude Include="lua-5.3.0\src\lapi.h">
      <Filter>Lua-5.3.0\src</Filter>
    </ClInclude>
    <ClInclude Include="lua-5.3.0\src\lauxlib.h">
      <Filter>Lua-5.3.0\src</Filter>
    </ClInclude>
    <ClInclude Include="lua-5.3.0\src\lcode.h">
      <Filter>Lua-5.3.0\src</Filter>
    </ClInclude>
    <ClInclude Include="lua-5.3.0\src\lctype.h">
      <Filter>Lua-5.3.0\src</Filter>
    </ClInclude>
    <ClInclude Include="lua-5.3.0\src\ldebug.h">
      <Filter>Lua-5.3.0\src</Filter>
    </ClInclude>
    <ClInclude Include="lua-5.3.0\src\ldo.h">
      <Filter>Lua-5.3.0\src</Filter>
    </ClInclude>
    <ClInclude Include="lua-5.3.0\src\lfunc.h">
      <Filter>Lua-5.3.0\src</Filter>
    </ClInclude>
    <ClInclude Include="lua-5.3.0\src\lgc.h">
      <Filter>Lua-5.3.0\src</Filter>
    </ClInclude>
    <ClInclude Include="lua-5.3.0\src\llex.h">
      <Filter>Lua-5.3.0\src</Filter>
    </ClInclude>
    <ClInclude Include="lua-5.3.0\src\llimits.h">
      <Filter>Lua-5.3.0\src</Filter>
    </ClInclude>
    <ClInclude Include="lua-5.3.0\src\lmem.h">
      <Filter>Lua-5.3.0\src</Filter>
    </ClInclude>
    <ClInclude Include="lua-5.3.0\src\lobject.h">
      <Filter>Lua-5.3.0\src</Filter>
    </ClInclude>
    <ClInclude Include="lua-5.3.0\src\lopcodes.h">
      <Filter>Lua-5.3.0\src</Filter>
    </ClInclude>
    <ClInclude Include="lua-5.3.0\src\lparser.h">
      <Filter>Lua-5.3.0\src</Filter>
    </ClInclude>
    <ClInclude Include="lua-5.3.0\src\lprefix.h">
      <Filter>Lua-5.3.0\src</Filter>
    </ClInclude>
    <ClInclude Include="lua-5.3.0\src\lstate.h">
      <Filter>Lua-5.3.0\src</Filter>
    </ClInclude>
    <ClInclude Include="lua-5.3.0\src\lstring.h">
      <Filter>Lua-5.3.0\src</Filter>
    </ClInclude>
    <ClInclude Include="lua-5.3.0\src\ltable.h">
      <Filter>Lua-5.3.0\src</Filter>
    </ClInclude>
    <ClInclude Include="lua-5.3.0\src\ltm.h">
      <Filter>Lua-5.3.0\src</Filter>
    </ClInclude>
    <ClInclude Include="lua-5.3.0\src\lua.h">
      <Filter>Lua-5.3.0\src</Filter>
    </ClInclude>
    <ClInclude Include="lua-5.3.0\src\lua.hpp">
      <Filter>Lua-5.3.0\src</Filter>
    </ClInclude>
    <ClInclude Include="lua-5.3.0\src\luaconf.h">
      <Filter>Lua-5.3.0\src</Filter>
    </ClInclude>
    <ClInclude Include="lua-5.3.0\src\lualib.h">
      <Filter>Lua-5.3.0\src</Filter>
    </ClInclude>
    <ClInclude Include="lua-5.3.0\src\lundump.h">
      <Filter>Lua-5.3.0\src</Filter>
    </ClInclude>
    <ClInclude Include="lua-5.3.0\src\lvm.h">
      <Filter>Lua-5.3.0\src</Filter>
    </ClInclude>
    <ClInclude Include="lua-5.3.0\src\lzio.h">
      <Filter>Lua-5.3.0\src</Filter>
    </ClInclude>
  </ItemGroup>
  <ItemGroup>
    <ClCompile Include="stdafx.cpp">
      <Filter>Source Files</Filter>
    </ClCompile>
    <ClCompile Include="dllmain.cpp">
      <Filter>Source Files</Filter>
    </ClCompile>
    <ClCompile Include="lua-5.3.0\src\lapi.c">
      <Filter>Lua-5.3.0\src</Filter>
    </ClCompile>
    <ClCompile Include="lua-5.3.0\src\lauxlib.c">
      <Filter>Lua-5.3.0\src</Filter>
    </ClCompile>
    <ClCompile Include="lua-5.3.0\src\lbaselib.c">
      <Filter>Lua-5.3.0\src</Filter>
    </ClCompile>
    <ClCompile Include="lua-5.3.0\src\lbitlib.c">
      <Filter>Lua-5.3.0\src</Filter>
    </ClCompile>
    <ClCompile Include="lua-5.3.0\src\lcode.c">
      <Filter>Lua-5.3.0\src</Filter>
    </ClCompile>
    <ClCompile Include="lua-5.3.0\src\lcorolib.c">
      <Filter>Lua-5.3.0\src</Filter>
    </ClCompile>
    <ClCompile Include="lua-5.3.0\src\lctype.c">
      <Filter>Lua-5.3.0\src</Filter>
    </ClCompile>
    <ClCompile Include="lua-5.3.0\src\ldblib.c">
      <Filter>Lua-5.3.0\src</Filter>
    </ClCompile>
    <ClCompile Include="lua-5.3.0\src\ldebug.c">
      <Filter>Lua-5.3.0\src</Filter>
    </ClCompile>
    <ClCompile Include="lua-5.3.0\src\ldo.c">
      <Filter>Lua-5.3.0\src</Filter>
    </ClCompile>
    <ClCompile Include="lua-5.3.0\src\ldump.c">
      <Filter>Lua-5.3.0\src</Filter>
    </ClCompile>
    <ClCompile Include="lua-5.3.0\src\lfunc.c">
      <Filter>Lua-5.3.0\src</Filter>
    </ClCompile>
    <ClCompile Include="lua-5.3.0\src\lgc.c">
      <Filter>Lua-5.3.0\src</Filter>
    </ClCompile>
    <ClCompile Include="lua-5.3.0\src\linit.c">
      <Filter>Lua-5.3.0\src</Filter>
    </ClCompile>
    <ClCompile Include="lua-5.3.0\src\liolib.c">
      <Filter>Lua-5.3.0\src</Filter>
    </ClCompile>
    <ClCompile Include="lua-5.3.0\src\llex.c">
      <Filter>Lua-5.3.0\src</Filter>
    </ClCompile>
    <ClCompile Include="lua-5.3.0\src\lmathlib.c">
      <Filter>Lua-5.3.0\src</Filter>
    </ClCompile>
    <ClCompile Include="lua-5.3.0\src\lmem.c">
      <Filter>Lua-5.3.0\src</Filter>
    </ClCompile>
    <ClCompile Include="lua-5.3.0\src\loadlib.c">
      <Filter>Lua-5.3.0\src</Filter>
    </ClCompile>
    <ClCompile Include="lua-5.3.0\src\lobject.c">
      <Filter>Lua-5.3.0\src</Filter>
    </ClCompile>
    <ClCompile Include="lua-5.3.0\src\lopcodes.c">
      <Filter>Lua-5.3.0\src</Filter>
    </ClCompile>
    <ClCompile Include="lua-5.3.0\src\loslib.c">
      <Filter>Lua-5.3.0\src</Filter>
    </ClCompile>
    <ClCompile Include="lua-5.3.0\src\lparser.c">
      <Filter>Lua-5.3.0\src</Filter>
    </ClCompile>
    <ClCompile Include="lua-5.3.0\src\lstate.c">
      <Filter>Lua-5.3.0\src</Filter>
    </ClCompile>
    <ClCompile Include="lua-5.3.0\src\lstring.c">
      <Filter>Lua-5.3.0\src</Filter>
    </ClCompile>
    <ClCompile Include="lua-5.3.0\src\lstrlib.c">
      <Filter>Lua-5.3.0\src</Filter>
    </ClCompile>
    <ClCompile Include="lua-5.3.0\src\ltable.c">
      <Filter>Lua-5.3.0\src</Filter>
    </ClCompile>
    <ClCompile Include="lua-5.3.0\src\ltablib.c">
      <Filter>Lua-5.3.0\src</Filter>
    </ClCompile>
    <ClCompile Include="lua-5.3.0\src\ltm.c">
      <Filter>Lua-5.3.0\src</Filter>
    </ClCompile>
    <ClCompile Include="lua-5.3.0\src\lundump.c">
      <Filter>Lua-5.3.0\src</Filter>
    </ClCompile>
    <ClCompile Include="lua-5.3.0\src\lutf8lib.c">
      <Filter>Lua-5.3.0\src</Filter>
    </ClCompile>
    <ClCompile Include="lua-5.3.0\src\lvm.c">
      <Filter>Lua-5.3.0\src</Filter>
    </ClCompile>
    <ClCompile Include="lua-5.3.0\src\lzio.c">
      <Filter>Lua-5.3.0\src</Filter>
    </ClCompile>
  </ItemGroup>
  <ItemGroup>
    <None Include="lua-5.3.0\Makefile">
      <Filter>Lua-5.3.0</Filter>
    </None>
    <None Include="lua-5.3.0\README">
      <Filter>Lua-5.3.0</Filter>
    </None>
    <None Include="lua-5.3.0\src\Makefile">
      <Filter>Lua-5.3.0\src</Filter>
    </None>
    <None Include="lua-5.3.0\doc\contents.html">
      <Filter>Lua-5.3.0\doc</Filter>
    </None>
    <None Include="lua-5.3.0\doc\lua.1">
      <Filter>Lua-5.3.0\doc</Filter>
    </None>
    <None Include="lua-5.3.0\doc\lua.css">
      <Filter>Lua-5.3.0\doc</Filter>
    </None>
    <None Include="lua-5.3.0\doc\luac.1">
      <Filter>Lua-5.3.0\doc</Filter>
    </None>
    <None Include="lua-5.3.0\doc\manual.css">
      <Filter>Lua-5.3.0\doc</Filter>
    </None>
    <None Include="lua-5.3.0\doc\manual.html">
      <Filter>Lua-5.3.0\doc</Filter>
    </None>
    <None Include="lua-5.3.0\doc\readme.html">
      <Filter>Lua-5.3.0\doc</Filter>
    </None>
  </ItemGroup>
  <ItemGroup>
    <Image Include="lua-5.3.0\doc\logo.gif">
      <Filter>Lua-5.3.0\doc</Filter>
    </Image>
    <Image Include="lua-5.3.0\doc\osi-certified-72x60.png">
      <Filter>Lua-5.3.0\doc</Filter>
    </Image>
  </ItemGroup>
</Project>