<?xml version="1.0" encoding="utf-8"?>
<Project ToolsVersion="4.0" xmlns="http://schemas.microsoft.com/developer/msbuild/2003">
  <ItemGroup>
    <Filter Include="Source Files">
      <UniqueIdentifier>{4FC737F1-C7A5-4376-A066-2A32D752A2FF}</UniqueIdentifier>
      <Extensions>cpp;c;cc;cxx;def;odl;idl;hpj;bat;asm;asmx</Extensions>
    </Filter>
    <Filter Include="Header Files">
      <UniqueIdentifier>{93995380-89BD-4b04-88EB-625FBE52EBFB}</UniqueIdentifier>
      <Extensions>h;hh;hpp;hxx;hm;inl;inc;xsd</Extensions>
    </Filter>
    <Filter Include="Resource Files">
      <UniqueIdentifier>{67DA6AB6-F800-4c08-8B7A-83BB121AAD01}</UniqueIdentifier>
      <Extensions>rc;ico;cur;bmp;dlg;rc2;rct;bin;rgs;gif;jpg;jpeg;jpe;resx;tiff;tif;png;wav;mfcribbon-ms</Extensions>
    </Filter>
  </ItemGroup>
  <ItemGroup>
    <Text Include="ReadMe.txt" />
  </ItemGroup>
  <ItemGroup>
    <ClInclude Include="stdafx.h">
      <Filter>Header Files</Filter>
    </ClInclude>
    <ClInclude Include="targetver.h">
      <Filter>Header Files</Filter>
    </ClInclude>
    <ClInclude Include="SloongEngine.h">
      <Filter>Header Files</Filter>
    </ClInclude>
    <ClInclude Include="CameraClass.h">
      <Filter>Header Files</Filter>
    </ClInclude>
    <ClInclude Include="DInputClass.h">
      <Filter>Header Files</Filter>
    </ClInclude>
    <ClInclude Include="Resource.h">
      <Filter>Header Files</Filter>
    </ClInclude>
    <ClInclude Include="SkyBoxClass.h">
      <Filter>Header Files</Filter>
    </ClInclude>
    <ClInclude Include="SloongButton.h">
      <Filter>Header Files</Filter>
    </ClInclude>
    <ClInclude Include="SloongD3D.h">
      <Filter>Header Files</Filter>
    </ClInclude>
    <ClInclude Include="SloongException.h">
      <Filter>Header Files</Filter>
    </ClInclude>
    <ClInclude Include="SloongLua.h">
      <Filter>Header Files</Filter>
    </ClInclude>
    <ClInclude Include="SloongObject.h">
      <Filter>Header Files</Filter>
    </ClInclude>
    <ClInclude Include="SloongSprite.h">
      <Filter>Header Files</Filter>
    </ClInclude>
    <ClInclude Include="SloongString.h">
      <Filter>Header Files</Filter>
    </ClInclude>
    <ClInclude Include="SloongTextField.h">
      <Filter>Header Files</Filter>
    </ClInclude>
    <ClInclude Include="SloongUI.h">
      <Filter>Header Files</Filter>
    </ClInclude>
    <ClInclude Include="SloongUIManager.h">
      <Filter>Header Files</Filter>
    </ClInclude>
    <ClInclude Include="SnowParticleClass.h">
      <Filter>Header Files</Filter>
    </ClInclude>
    <ClInclude Include="TerrainClass.h">
      <Filter>Header Files</Filter>
    </ClInclude>
    <ClInclude Include="XFileModelClass.h">
      <Filter>Header Files</Filter>
    </ClInclude>
    <ClInclude Include="SloongCamera.h">
      <Filter>Header Files</Filter>
    </ClInclude>
    <ClInclude Include="SloongObject3D.h">
      <Filter>Header Files</Filter>
    </ClInclude>
    <ClInclude Include="SloongFile.h">
      <Filter>Header Files</Filter>
    </ClInclude>
    <ClInclude Include="ISloongObject.h">
      <Filter>Header Files</Filter>
    </ClInclude>
    <ClInclude Include="SloongThreadPool.h">
      <Filter>Header Files</Filter>
    </ClInclude>
    <ClInclude Include="SloongThread.h">
      <Filter>Header Files</Filter>
    </ClInclude>
  </ItemGroup>
  <ItemGroup>
    <ClCompile Include="stdafx.cpp">
      <Filter>Source Files</Filter>
    </ClCompile>
    <ClCompile Include="SloongEngine.cpp">
      <Filter>Source Files</Filter>
    </ClCompile>
    <ClCompile Include="dllmain.cpp">
      <Filter>Source Files</Filter>
    </ClCompile>
    <ClCompile Include="CameraClass.cpp">
      <Filter>Source Files</Filter>
    </ClCompile>
    <ClCompile Include="DInputClass.cpp">
      <Filter>Source Files</Filter>
    </ClCompile>
    <ClCompile Include="SkyBoxClass.cpp">
      <Filter>Source Files</Filter>
    </ClCompile>
    <ClCompile Include="SloongButton.cpp">
      <Filter>Source Files</Filter>
    </ClCompile>
    <ClCompile Include="SloongD3D.cpp">
      <Filter>Source Files</Filter>
    </ClCompile>
    <ClCompile Include="SloongException.cpp">
      <Filter>Source Files</Filter>
    </ClCompile>
    <ClCompile Include="SloongLua.cpp">
      <Filter>Source Files</Filter>
    </ClCompile>
    <ClCompile Include="SloongObject.cpp">
      <Filter>Source Files</Filter>
    </ClCompile>
    <ClCompile Include="SloongSprite.cpp">
      <Filter>Source Files</Filter>
    </ClCompile>
    <ClCompile Include="SloongString.cpp">
      <Filter>Source Files</Filter>
    </ClCompile>
    <ClCompile Include="SloongTextField.cpp">
      <Filter>Source Files</Filter>
    </ClCompile>
    <ClCompile Include="SloongUI.cpp">
      <Filter>Source Files</Filter>
    </ClCompile>
    <ClCompile Include="SloongUIManager.cpp">
      <Filter>Source Files</Filter>
    </ClCompile>
    <ClCompile Include="SnowParticleClass.cpp">
      <Filter>Source Files</Filter>
    </ClCompile>
    <ClCompile Include="TerrainClass.cpp">
      <Filter>Source Files</Filter>
    </ClCompile>
    <ClCompile Include="XFileModelClass.cpp">
      <Filter>Source Files</Filter>
    </ClCompile>
    <ClCompile Include="SloongCamera.cpp">
      <Filter>Source Files</Filter>
    </ClCompile>
    <ClCompile Include="SloongObject3D.cpp">
      <Filter>Source Files</Filter>
    </ClCompile>
    <ClCompile Include="SloongFile.cpp">
      <Filter>Source Files</Filter>
    </ClCompile>
    <ClCompile Include="SloongThreadPool.cpp">
      <Filter>Source Files</Filter>
    </ClCompile>
    <ClCompile Include="SloongThread.cpp">
      <Filter>Source Files</Filter>
    </ClCompile>
  </ItemGroup>
  <ItemGroup>
    <Image Include="SLOONG.ico">
      <Filter>Resource Files</Filter>
    </Image>
  </ItemGroup>
</Project>